
Microsoft Visual Studio Solution File, Format Version 12.00
# Visual Studio 2012
Project("{FAE04EC0-301F-11D3-BF4B-00C04F79EFBC}") = "SinfarLauncher", "SinfarLauncher\SinfarLauncher.csproj", "{A6FAC7F4-8A29-4D22-81FB-9BCA32F656E6}"
EndProject
Project("{FAE04EC0-301F-11D3-BF4B-00C04F79EFBC}") = "ManifestGenerator", "Server\ManifestGenerator.csproj", "{9C355262-DDA3-4F48-9BAA-96EA96C5B028}"
EndProject
Global
	GlobalSection(SolutionConfigurationPlatforms) = preSolution
		Debug|Any CPU = Debug|Any CPU
		Release|Any CPU = Release|Any CPU
	EndGlobalSection
	GlobalSection(ProjectConfigurationPlatforms) = postSolution
		{A6FAC7F4-8A29-4D22-81FB-9BCA32F656E6}.Debug|Any CPU.ActiveCfg = Debug|Any CPU
		{A6FAC7F4-8A29-4D22-81FB-9BCA32F656E6}.Debug|Any CPU.Build.0 = Debug|Any CPU
		{A6FAC7F4-8A29-4D22-81FB-9BCA32F656E6}.Release|Any CPU.ActiveCfg = Release|Any CPU
		{A6FAC7F4-8A29-4D22-81FB-9BCA32F656E6}.Release|Any CPU.Build.0 = Release|Any CPU
		{9C355262-DDA3-4F48-9BAA-96EA96C5B028}.Debug|Any CPU.ActiveCfg = Debug|Any CPU
		{9C355262-DDA3-4F48-9BAA-96EA96C5B028}.Debug|Any CPU.Build.0 = Debug|Any CPU
		{9C355262-DDA3-4F48-9BAA-96EA96C5B028}.Release|Any CPU.ActiveCfg = Release|Any CPU
		{9C355262-DDA3-4F48-9BAA-96EA96C5B028}.Release|Any CPU.Build.0 = Release|Any CPU
	EndGlobalSection
	GlobalSection(SolutionProperties) = preSolution
		HideSolutionNode = FALSE
	EndGlobalSection
EndGlobal
